{
  "version": 4,
  "terraform_version": "1.5.7",
  "serial": 60,
  "lineage": "d8f8bc9a-1849-6cc9-eb73-72dd7bc1c514",
  "outputs": {
    "cloud_run_url": {
      "value": "https://foodlabel-backend-3m25fgzgoa-ew.a.run.app",
      "type": "string"
    },
    "deploy_dev_service_account_email": {
      "value": "github-deployer-dev@sound-paratext-470818-m4.iam.gserviceaccount.com",
      "type": "string"
    },
    "deploy_prod_service_account_email": {
      "value": "github-deployer-prod@sound-paratext-470818-m4.iam.gserviceaccount.com",
      "type": "string"
    },
    "deploy_shared_service_account_email": {
      "value": "github-deployer-prod@sound-paratext-470818-m4.iam.gserviceaccount.com",
      "type": "string"
    },
    "project_id": {
      "value": "sound-paratext-470818-m4",
      "type": "string"
    },
    "region": {
      "value": "europe-west1",
      "type": "string"
    },
    "wif_provider_dev_name": {
      "value": "projects/790838935220/locations/global/workloadIdentityPools/github-pool/providers/github-provider-dev",
      "type": "string"
    },
    "wif_provider_prod_name": {
      "value": "projects/790838935220/locations/global/workloadIdentityPools/github-pool/providers/github-provider-prod",
      "type": "string"
    },
    "wif_provider_shared_name": {
      "value": "projects/790838935220/locations/global/workloadIdentityPools/github-pool/providers/github-provider-prod",
      "type": "string"
    }
  },
  "resources": [
    {
      "mode": "managed",
      "type": "google_artifact_registry_repository",
      "name": "repo",
      "provider": "provider[\"registry.terraform.io/hashicorp/google\"]",
      "instances": [
        {
          "schema_version": 0,
          "attributes": {
            "cleanup_policies": [],
            "cleanup_policy_dry_run": false,
            "create_time": "2025-09-02T14:16:09.597548Z",
            "description": "",
            "docker_config": [],
            "effective_labels": {
              "goog-terraform-provisioned": "true"
            },
            "format": "DOCKER",
            "id": "projects/sound-paratext-470818-m4/locations/europe-west1/repositories/foodlabel-repo",
            "kms_key_name": "",
            "labels": {},
            "location": "europe-west1",
            "maven_config": [],
            "mode": "STANDARD_REPOSITORY",
            "name": "foodlabel-repo",
            "project": "sound-paratext-470818-m4",
            "remote_repository_config": [],
            "repository_id": "foodlabel-repo",
            "terraform_labels": {
              "goog-terraform-provisioned": "true"
            },
            "timeouts": null,
            "update_time": "2025-09-02T14:16:09.597548Z",
            "virtual_repository_config": [],
            "vulnerability_scanning_config": [
              {
                "enablement_config": "",
                "enablement_state": "SCANNING_DISABLED",
                "enablement_state_reason": "API containerscanning.googleapis.com is not enabled."
              }
            ]
          },
          "sensitive_attributes": [],
          "private": "eyJlMmJmYjczMC1lY2FhLTExZTYtOGY4OC0zNDM2M2JjN2M0YzAiOnsiY3JlYXRlIjoxMjAwMDAwMDAwMDAwLCJkZWxldGUiOjEyMDAwMDAwMDAwMDAsInVwZGF0ZSI6MTIwMDAwMDAwMDAwMH19"
        }
      ]
    },
    {
      "mode": "managed",
      "type": "google_cloud_run_v2_service",
      "name": "backend",
      "provider": "provider[\"registry.terraform.io/hashicorp/google\"]",
      "instances": [
        {
          "index_key": 0,
          "schema_version": 0,
          "attributes": {
            "annotations": {},
            "binary_authorization": [],
            "build_config": [],
            "client": "",
            "client_version": "",
            "conditions": [
              {
                "execution_reason": "",
                "last_transition_time": "2025-09-02T14:17:32.671648Z",
                "message": "",
                "reason": "",
                "revision_reason": "",
                "severity": "",
                "state": "CONDITION_SUCCEEDED",
                "type": "RoutesReady"
              },
              {
                "execution_reason": "",
                "last_transition_time": "2025-09-02T14:17:31.688483Z",
                "message": "",
                "reason": "",
                "revision_reason": "",
                "severity": "",
                "state": "CONDITION_SUCCEEDED",
                "type": "ConfigurationsReady"
              }
            ],
            "create_time": "2025-09-02T14:15:59.081578Z",
            "creator": "ithai.swart@gmail.com",
            "custom_audiences": [],
            "delete_time": "",
            "deletion_protection": true,
            "description": "",
            "effective_annotations": {},
            "effective_labels": {
              "goog-terraform-provisioned": "true"
            },
            "etag": "\"CJ_428UGEJCQ8yY/cHJvamVjdHMvc291bmQtcGFyYXRleHQtNDcwODE4LW00L2xvY2F0aW9ucy9ldXJvcGUtd2VzdDEvc2VydmljZXMvZm9vZGxhYmVsLWJhY2tlbmQ\"",
            "expire_time": "",
            "generation": "1",
            "id": "projects/sound-paratext-470818-m4/locations/europe-west1/services/foodlabel-backend",
            "ingress": "INGRESS_TRAFFIC_ALL",
            "invoker_iam_disabled": false,
            "labels": {},
            "last_modifier": "ithai.swart@gmail.com",
            "latest_created_revision": "projects/sound-paratext-470818-m4/locations/europe-west1/services/foodlabel-backend/revisions/foodlabel-backend-00001-lcj",
            "latest_ready_revision": "projects/sound-paratext-470818-m4/locations/europe-west1/services/foodlabel-backend/revisions/foodlabel-backend-00001-lcj",
            "launch_stage": "GA",
            "location": "europe-west1",
            "name": "foodlabel-backend",
            "observed_generation": "1",
            "project": "sound-paratext-470818-m4",
            "reconciling": false,
            "scaling": [],
            "template": [
              {
                "annotations": {},
                "containers": [
                  {
                    "args": [],
                    "base_image_uri": "",
                    "build_info": [],
                    "command": [],
                    "depends_on": [],
                    "env": [],
                    "image": "gcr.io/google-samples/hello-app:1.0",
                    "liveness_probe": [],
                    "name": "",
                    "ports": [
                      {
                        "container_port": 8080,
                        "name": "http1"
                      }
                    ],
                    "resources": [
                      {
                        "cpu_idle": true,
                        "limits": {
                          "cpu": "1000m",
                          "memory": "512Mi"
                        },
                        "startup_cpu_boost": false
                      }
                    ],
                    "startup_probe": [
                      {
                        "failure_threshold": 1,
                        "grpc": [],
                        "http_get": [],
                        "initial_delay_seconds": 0,
                        "period_seconds": 240,
                        "tcp_socket": [
                          {
                            "port": 8080
                          }
                        ],
                        "timeout_seconds": 240
                      }
                    ],
                    "volume_mounts": [],
                    "working_dir": ""
                  }
                ],
                "encryption_key": "",
                "execution_environment": "",
                "gpu_zonal_redundancy_disabled": false,
                "labels": {},
                "max_instance_request_concurrency": 80,
                "node_selector": [],
                "revision": "",
                "scaling": [
                  {
                    "max_instance_count": 20,
                    "min_instance_count": 0
                  }
                ],
                "service_account": "foodlabel-runtime@sound-paratext-470818-m4.iam.gserviceaccount.com",
                "session_affinity": false,
                "timeout": "60s",
                "volumes": [],
                "vpc_access": []
              }
            ],
            "terminal_condition": [
              {
                "execution_reason": "",
                "last_transition_time": "2025-09-02T14:17:32.706069Z",
                "message": "",
                "reason": "",
                "revision_reason": "",
                "severity": "",
                "state": "CONDITION_SUCCEEDED",
                "type": "Ready"
              }
            ],
            "terraform_labels": {
              "goog-terraform-provisioned": "true"
            },
            "timeouts": null,
            "traffic": [
              {
                "percent": 100,
                "revision": "",
                "tag": "",
                "type": "TRAFFIC_TARGET_ALLOCATION_TYPE_LATEST"
              }
            ],
            "traffic_statuses": [
              {
                "percent": 100,
                "revision": "",
                "tag": "",
                "type": "TRAFFIC_TARGET_ALLOCATION_TYPE_LATEST",
                "uri": ""
              }
            ],
            "uid": "d4012868-0585-4166-9e96-d4bc4d953587",
            "update_time": "2025-09-02T14:15:59.081578Z",
            "uri": "https://foodlabel-backend-3m25fgzgoa-ew.a.run.app",
            "urls": [
              "https://foodlabel-backend-790838935220.europe-west1.run.app",
              "https://foodlabel-backend-3m25fgzgoa-ew.a.run.app"
            ]
          },
          "sensitive_attributes": [],
          "private": "eyJlMmJmYjczMC1lY2FhLTExZTYtOGY4OC0zNDM2M2JjN2M0YzAiOnsiY3JlYXRlIjoxMjAwMDAwMDAwMDAwLCJkZWxldGUiOjEyMDAwMDAwMDAwMDAsInVwZGF0ZSI6MTIwMDAwMDAwMDAwMH19",
          "dependencies": [
            "google_service_account.runtime"
          ]
        }
      ]
    },
    {
      "mode": "managed",
      "type": "google_iam_workload_identity_pool",
      "name": "pool",
      "provider": "provider[\"registry.terraform.io/hashicorp/google\"]",
      "instances": [
        {
          "schema_version": 0,
          "attributes": {
            "description": "",
            "disabled": false,
            "display_name": "GitHub pool",
            "id": "projects/sound-paratext-470818-m4/locations/global/workloadIdentityPools/github-pool",
            "name": "projects/790838935220/locations/global/workloadIdentityPools/github-pool",
            "project": "sound-paratext-470818-m4",
            "state": "ACTIVE",
            "timeouts": null,
            "workload_identity_pool_id": "github-pool"
          },
          "sensitive_attributes": [],
          "private": "eyJlMmJmYjczMC1lY2FhLTExZTYtOGY4OC0zNDM2M2JjN2M0YzAiOnsiY3JlYXRlIjoxMjAwMDAwMDAwMDAwLCJkZWxldGUiOjEyMDAwMDAwMDAwMDAsInVwZGF0ZSI6MTIwMDAwMDAwMDAwMH19"
        }
      ]
    },
    {
      "mode": "managed",
      "type": "google_iam_workload_identity_pool_provider",
      "name": "dev",
      "provider": "provider[\"registry.terraform.io/hashicorp/google\"]",
      "instances": [
        {
          "schema_version": 0,
          "attributes": {
            "attribute_condition": "attribute.repository == \"IthaiS/unique\" \u0026\u0026 attribute.ref == \"refs/heads/develop\"",
            "attribute_mapping": {
              "attribute.ref": "assertion.ref",
              "attribute.repository": "assertion.repository",
              "google.subject": "assertion.sub"
            },
            "aws": [],
            "description": "",
            "disabled": false,
            "display_name": "GitHub provider (dev)",
            "id": "projects/sound-paratext-470818-m4/locations/global/workloadIdentityPools/github-pool/providers/github-provider-dev",
            "name": "projects/790838935220/locations/global/workloadIdentityPools/github-pool/providers/github-provider-dev",
            "oidc": [
              {
                "allowed_audiences": [],
                "issuer_uri": "https://token.actions.githubusercontent.com",
                "jwks_json": ""
              }
            ],
            "project": "sound-paratext-470818-m4",
            "saml": [],
            "state": "ACTIVE",
            "timeouts": null,
            "workload_identity_pool_id": "github-pool",
            "workload_identity_pool_provider_id": "github-provider-dev",
            "x509": []
          },
          "sensitive_attributes": [],
          "private": "eyJlMmJmYjczMC1lY2FhLTExZTYtOGY4OC0zNDM2M2JjN2M0YzAiOnsiY3JlYXRlIjoxMjAwMDAwMDAwMDAwLCJkZWxldGUiOjEyMDAwMDAwMDAwMDAsInVwZGF0ZSI6MTIwMDAwMDAwMDAwMH19",
          "dependencies": [
            "google_iam_workload_identity_pool.pool"
          ]
        }
      ]
    },
    {
      "mode": "managed",
      "type": "google_iam_workload_identity_pool_provider",
      "name": "prod",
      "provider": "provider[\"registry.terraform.io/hashicorp/google\"]",
      "instances": [
        {
          "schema_version": 0,
          "attributes": {
            "attribute_condition": "attribute.repository == \"IthaiS/unique\" \u0026\u0026 attribute.ref == \"refs/heads/main\"",
            "attribute_mapping": {
              "attribute.ref": "assertion.ref",
              "attribute.repository": "assertion.repository",
              "google.subject": "assertion.sub"
            },
            "aws": [],
            "description": "",
            "disabled": false,
            "display_name": "GitHub provider (prod)",
            "id": "projects/sound-paratext-470818-m4/locations/global/workloadIdentityPools/github-pool/providers/github-provider-prod",
            "name": "projects/790838935220/locations/global/workloadIdentityPools/github-pool/providers/github-provider-prod",
            "oidc": [
              {
                "allowed_audiences": [],
                "issuer_uri": "https://token.actions.githubusercontent.com",
                "jwks_json": ""
              }
            ],
            "project": "sound-paratext-470818-m4",
            "saml": [],
            "state": "ACTIVE",
            "timeouts": null,
            "workload_identity_pool_id": "github-pool",
            "workload_identity_pool_provider_id": "github-provider-prod",
            "x509": []
          },
          "sensitive_attributes": [],
          "private": "eyJlMmJmYjczMC1lY2FhLTExZTYtOGY4OC0zNDM2M2JjN2M0YzAiOnsiY3JlYXRlIjoxMjAwMDAwMDAwMDAwLCJkZWxldGUiOjEyMDAwMDAwMDAwMDAsInVwZGF0ZSI6MTIwMDAwMDAwMDAwMH19",
          "dependencies": [
            "google_iam_workload_identity_pool.pool"
          ]
        }
      ]
    },
    {
      "mode": "managed",
      "type": "google_project_service",
      "name": "apis",
      "provider": "provider[\"registry.terraform.io/hashicorp/google\"]",
      "instances": [
        {
          "index_key": "artifactregistry.googleapis.com",
          "schema_version": 0,
          "attributes": {
            "disable_dependent_services": null,
            "disable_on_destroy": null,
            "id": "sound-paratext-470818-m4/artifactregistry.googleapis.com",
            "project": "sound-paratext-470818-m4",
            "service": "artifactregistry.googleapis.com",
            "timeouts": null
          },
          "sensitive_attributes": [],
          "private": "eyJlMmJmYjczMC1lY2FhLTExZTYtOGY4OC0zNDM2M2JjN2M0YzAiOnsiY3JlYXRlIjoxMjAwMDAwMDAwMDAwLCJkZWxldGUiOjEyMDAwMDAwMDAwMDAsInJlYWQiOjYwMDAwMDAwMDAwMCwidXBkYXRlIjoxMjAwMDAwMDAwMDAwfX0="
        },
        {
          "index_key": "firestore.googleapis.com",
          "schema_version": 0,
          "attributes": {
            "disable_dependent_services": null,
            "disable_on_destroy": null,
            "id": "sound-paratext-470818-m4/firestore.googleapis.com",
            "project": "sound-paratext-470818-m4",
            "service": "firestore.googleapis.com",
            "timeouts": null
          },
          "sensitive_attributes": [],
          "private": "eyJlMmJmYjczMC1lY2FhLTExZTYtOGY4OC0zNDM2M2JjN2M0YzAiOnsiY3JlYXRlIjoxMjAwMDAwMDAwMDAwLCJkZWxldGUiOjEyMDAwMDAwMDAwMDAsInJlYWQiOjYwMDAwMDAwMDAwMCwidXBkYXRlIjoxMjAwMDAwMDAwMDAwfX0="
        },
        {
          "index_key": "iam.googleapis.com",
          "schema_version": 0,
          "attributes": {
            "disable_dependent_services": null,
            "disable_on_destroy": null,
            "id": "sound-paratext-470818-m4/iam.googleapis.com",
            "project": "sound-paratext-470818-m4",
            "service": "iam.googleapis.com",
            "timeouts": null
          },
          "sensitive_attributes": [],
          "private": "eyJlMmJmYjczMC1lY2FhLTExZTYtOGY4OC0zNDM2M2JjN2M0YzAiOnsiY3JlYXRlIjoxMjAwMDAwMDAwMDAwLCJkZWxldGUiOjEyMDAwMDAwMDAwMDAsInJlYWQiOjYwMDAwMDAwMDAwMCwidXBkYXRlIjoxMjAwMDAwMDAwMDAwfX0="
        },
        {
          "index_key": "iamcredentials.googleapis.com",
          "schema_version": 0,
          "attributes": {
            "disable_dependent_services": null,
            "disable_on_destroy": null,
            "id": "sound-paratext-470818-m4/iamcredentials.googleapis.com",
            "project": "sound-paratext-470818-m4",
            "service": "iamcredentials.googleapis.com",
            "timeouts": null
          },
          "sensitive_attributes": [],
          "private": "eyJlMmJmYjczMC1lY2FhLTExZTYtOGY4OC0zNDM2M2JjN2M0YzAiOnsiY3JlYXRlIjoxMjAwMDAwMDAwMDAwLCJkZWxldGUiOjEyMDAwMDAwMDAwMDAsInJlYWQiOjYwMDAwMDAwMDAwMCwidXBkYXRlIjoxMjAwMDAwMDAwMDAwfX0="
        },
        {
          "index_key": "run.googleapis.com",
          "schema_version": 0,
          "attributes": {
            "disable_dependent_services": null,
            "disable_on_destroy": null,
            "id": "sound-paratext-470818-m4/run.googleapis.com",
            "project": "sound-paratext-470818-m4",
            "service": "run.googleapis.com",
            "timeouts": null
          },
          "sensitive_attributes": [],
          "private": "eyJlMmJmYjczMC1lY2FhLTExZTYtOGY4OC0zNDM2M2JjN2M0YzAiOnsiY3JlYXRlIjoxMjAwMDAwMDAwMDAwLCJkZWxldGUiOjEyMDAwMDAwMDAwMDAsInJlYWQiOjYwMDAwMDAwMDAwMCwidXBkYXRlIjoxMjAwMDAwMDAwMDAwfX0="
        },
        {
          "index_key": "secretmanager.googleapis.com",
          "schema_version": 0,
          "attributes": {
            "disable_dependent_services": null,
            "disable_on_destroy": null,
            "id": "sound-paratext-470818-m4/secretmanager.googleapis.com",
            "project": "sound-paratext-470818-m4",
            "service": "secretmanager.googleapis.com",
            "timeouts": null
          },
          "sensitive_attributes": [],
          "private": "eyJlMmJmYjczMC1lY2FhLTExZTYtOGY4OC0zNDM2M2JjN2M0YzAiOnsiY3JlYXRlIjoxMjAwMDAwMDAwMDAwLCJkZWxldGUiOjEyMDAwMDAwMDAwMDAsInJlYWQiOjYwMDAwMDAwMDAwMCwidXBkYXRlIjoxMjAwMDAwMDAwMDAwfX0="
        }
      ]
    },
    {
      "mode": "managed",
      "type": "google_service_account",
      "name": "deploy_dev",
      "provider": "provider[\"registry.terraform.io/hashicorp/google\"]",
      "instances": [
        {
          "schema_version": 0,
          "attributes": {
            "account_id": "github-deployer-dev",
            "create_ignore_already_exists": null,
            "description": "",
            "disabled": false,
            "display_name": "GitHub Deployer (dev)",
            "email": "github-deployer-dev@sound-paratext-470818-m4.iam.gserviceaccount.com",
            "id": "projects/sound-paratext-470818-m4/serviceAccounts/github-deployer-dev@sound-paratext-470818-m4.iam.gserviceaccount.com",
            "member": "serviceAccount:github-deployer-dev@sound-paratext-470818-m4.iam.gserviceaccount.com",
            "name": "projects/sound-paratext-470818-m4/serviceAccounts/github-deployer-dev@sound-paratext-470818-m4.iam.gserviceaccount.com",
            "project": "sound-paratext-470818-m4",
            "timeouts": null,
            "unique_id": "110054064721562118489"
          },
          "sensitive_attributes": [],
          "private": "eyJlMmJmYjczMC1lY2FhLTExZTYtOGY4OC0zNDM2M2JjN2M0YzAiOnsiY3JlYXRlIjozMDAwMDAwMDAwMDB9fQ=="
        }
      ]
    },
    {
      "mode": "managed",
      "type": "google_service_account",
      "name": "deploy_prod",
      "provider": "provider[\"registry.terraform.io/hashicorp/google\"]",
      "instances": [
        {
          "schema_version": 0,
          "attributes": {
            "account_id": "github-deployer-prod",
            "create_ignore_already_exists": null,
            "description": "",
            "disabled": false,
            "display_name": "GitHub Deployer (prod)",
            "email": "github-deployer-prod@sound-paratext-470818-m4.iam.gserviceaccount.com",
            "id": "projects/sound-paratext-470818-m4/serviceAccounts/github-deployer-prod@sound-paratext-470818-m4.iam.gserviceaccount.com",
            "member": "serviceAccount:github-deployer-prod@sound-paratext-470818-m4.iam.gserviceaccount.com",
            "name": "projects/sound-paratext-470818-m4/serviceAccounts/github-deployer-prod@sound-paratext-470818-m4.iam.gserviceaccount.com",
            "project": "sound-paratext-470818-m4",
            "timeouts": null,
            "unique_id": "113881982502156096813"
          },
          "sensitive_attributes": [],
          "private": "eyJlMmJmYjczMC1lY2FhLTExZTYtOGY4OC0zNDM2M2JjN2M0YzAiOnsiY3JlYXRlIjozMDAwMDAwMDAwMDB9fQ=="
        }
      ]
    },
    {
      "mode": "managed",
      "type": "google_service_account",
      "name": "runtime",
      "provider": "provider[\"registry.terraform.io/hashicorp/google\"]",
      "instances": [
        {
          "schema_version": 0,
          "attributes": {
            "account_id": "foodlabel-runtime",
            "create_ignore_already_exists": null,
            "description": "",
            "disabled": false,
            "display_name": "FoodLabel runtime",
            "email": "foodlabel-runtime@sound-paratext-470818-m4.iam.gserviceaccount.com",
            "id": "projects/sound-paratext-470818-m4/serviceAccounts/foodlabel-runtime@sound-paratext-470818-m4.iam.gserviceaccount.com",
            "member": "serviceAccount:foodlabel-runtime@sound-paratext-470818-m4.iam.gserviceaccount.com",
            "name": "projects/sound-paratext-470818-m4/serviceAccounts/foodlabel-runtime@sound-paratext-470818-m4.iam.gserviceaccount.com",
            "project": "sound-paratext-470818-m4",
            "timeouts": null,
            "unique_id": "115304481222901965516"
          },
          "sensitive_attributes": [],
          "private": "eyJlMmJmYjczMC1lY2FhLTExZTYtOGY4OC0zNDM2M2JjN2M0YzAiOnsiY3JlYXRlIjozMDAwMDAwMDAwMDB9fQ=="
        }
      ]
    },
    {
      "mode": "managed",
      "type": "google_service_account_iam_binding",
      "name": "wif_dev",
      "provider": "provider[\"registry.terraform.io/hashicorp/google\"]",
      "instances": [
        {
          "schema_version": 0,
          "attributes": {
            "condition": [],
            "etag": "BwY90wdDZ/s=",
            "id": "projects/sound-paratext-470818-m4/serviceAccounts/github-deployer-dev@sound-paratext-470818-m4.iam.gserviceaccount.com/roles/iam.workloadIdentityUser",
            "members": [
              "principalSet://iam.googleapis.com/projects/790838935220/locations/global/workloadIdentityPools/github-pool/attribute.repository/IthaiS/unique"
            ],
            "role": "roles/iam.workloadIdentityUser",
            "service_account_id": "projects/sound-paratext-470818-m4/serviceAccounts/github-deployer-dev@sound-paratext-470818-m4.iam.gserviceaccount.com"
          },
          "sensitive_attributes": [],
          "private": "bnVsbA==",
          "dependencies": [
            "google_iam_workload_identity_pool.pool",
            "google_service_account.deploy_dev"
          ]
        }
      ]
    },
    {
      "mode": "managed",
      "type": "google_service_account_iam_binding",
      "name": "wif_prod",
      "provider": "provider[\"registry.terraform.io/hashicorp/google\"]",
      "instances": [
        {
          "schema_version": 0,
          "attributes": {
            "condition": [],
            "etag": "BwY90wdM0ZU=",
            "id": "projects/sound-paratext-470818-m4/serviceAccounts/github-deployer-prod@sound-paratext-470818-m4.iam.gserviceaccount.com/roles/iam.workloadIdentityUser",
            "members": [
              "principalSet://iam.googleapis.com/projects/790838935220/locations/global/workloadIdentityPools/github-pool/attribute.repository/IthaiS/unique"
            ],
            "role": "roles/iam.workloadIdentityUser",
            "service_account_id": "projects/sound-paratext-470818-m4/serviceAccounts/github-deployer-prod@sound-paratext-470818-m4.iam.gserviceaccount.com"
          },
          "sensitive_attributes": [],
          "private": "bnVsbA==",
          "dependencies": [
            "google_iam_workload_identity_pool.pool",
            "google_service_account.deploy_prod"
          ]
        }
      ]
    }
  ],
  "check_results": null
}
